// !$*UTF8*$!
{
	archiveVersion = 1;
	classes = {
	};
	objectVersion = 46;
	objects = {

/* Begin PBXBuildFile section */
		8F80C3CE1987495C005CFF5E /* Default.png in Resources */ = {isa = PBXBuildFile; fileRef = 8F80C3CD1987495C005CFF5E /* Default.png */; };
		8FF94768197F7C72000504F2 /* AppDelegate.swift in Sources */ = {isa = PBXBuildFile; fileRef = 8FF94767197F7C72000504F2 /* AppDelegate.swift */; };
		8FF9476A197F7C72000504F2 /* ViewController.swift in Sources */ = {isa = PBXBuildFile; fileRef = 8FF94769197F7C72000504F2 /* ViewController.swift */; };
		8FF9476D197F7C72000504F2 /* Main.storyboard in Resources */ = {isa = PBXBuildFile; fileRef = 8FF9476B197F7C72000504F2 /* Main.storyboard */; };
		8FF9476F197F7C72000504F2 /* Images.xcassets in Resources */ = {isa = PBXBuildFile; fileRef = 8FF9476E197F7C72000504F2 /* Images.xcassets */; };
		8FF9477B197F7C72000504F2 /* todoTests.swift in Sources */ = {isa = PBXBuildFile; fileRef = 8FF9477A197F7C72000504F2 /* todoTests.swift */; };
		8FF94785197F7C90000504F2 /* MyTableViewCell.swift in Sources */ = {isa = PBXBuildFile; fileRef = 8FF94784197F7C90000504F2 /* MyTableViewCell.swift */; };
/* End PBXBuildFile section */

/* Begin PBXContainerItemProxy section */
		8FF94775197F7C72000504F2 /* PBXContainerItemProxy */ = {
			isa = PBXContainerItemProxy;
			containerPortal = 8FF9475A197F7C72000504F2 /* Project object */;
			proxyType = 1;
			remoteGlobalIDString = 8FF94761197F7C72000504F2;
			remoteInfo = todo;
		};
/* End PBXContainerItemProxy section */

/* Begin PBXFileReference section */
		8F80C3CD1987495C005CFF5E /* Default.png */ = {isa = PBXFileReference; lastKnownFileType = image.png; name = Default.png; path = ../../../../Downloads/Default.png; sourceTree = "<group>"; };
		8FF94762197F7C72000504F2 /* todo.app */ = {isa = PBXFileReference; explicitFileType = wrapper.application; includeInIndex = 0; path = todo.app; sourceTree = BUILT_PRODUCTS_DIR; };
		8FF94766197F7C72000504F2 /* Info.plist */ = {isa = PBXFileReference; lastKnownFileType = text.plist.xml; path = Info.plist; sourceTree = "<group>"; };
		8FF94767197F7C72000504F2 /* AppDelegate.swift */ = {isa = PBXFileReference; lastKnownFileType = sourcecode.swift; path = AppDelegate.swift; sourceTree = "<group>"; };
		8FF94769197F7C72000504F2 /* ViewController.swift */ = {isa = PBXFileReference; lastKnownFileType = sourcecode.swift; path = ViewController.swift; sourceTree = "<group>"; };
		8FF9476C197F7C72000504F2 /* Base */ = {isa = PBXFileReference; lastKnownFileType = file.storyboard; name = Base; path = Base.lproj/Main.storyboard; sourceTree = "<group>"; };
		8FF9476E197F7C72000504F2 /* Images.xcassets */ = {isa = PBXFileReference; lastKnownFileType = folder.assetcatalog; path = Images.xcassets; sourceTree = "<group>"; };
		8FF94774197F7C72000504F2 /* todoTests.xctest */ = {isa = PBXFileReference; explicitFileType = wrapper.cfbundle; includeInIndex = 0; path = todoTests.xctest; sourceTree = BUILT_PRODUCTS_DIR; };
		8FF94779197F7C72000504F2 /* Info.plist */ = {isa = PBXFileReference; lastKnownFileType = text.plist.xml; path = Info.plist; sourceTree = "<group>"; };
		8FF9477A197F7C72000504F2 /* todoTests.swift */ = {isa = PBXFileReference; lastKnownFileType = sourcecode.swift; path = todoTests.swift; sourceTree = "<group>"; };
		8FF94784197F7C90000504F2 /* MyTableViewCell.swift */ = {isa = PBXFileReference; fileEncoding = 4; lastKnownFileType = sourcecode.swift; path = MyTableViewCell.swift; sourceTree = "<group>"; };
/* End PBXFileReference section */

/* Begin PBXFrameworksBuildPhase section */
		8FF9475F197F7C72000504F2 /* Frameworks */ = {
			isa = PBXFrameworksBuildPhase;
			buildActionMask = 2147483647;
			files = (
			);
			runOnlyForDeploymentPostprocessing = 0;
		};
		8FF94771197F7C72000504F2 /* Frameworks */ = {
			isa = PBXFrameworksBuildPhase;
			buildActionMask = 2147483647;
			files = (
			);
			runOnlyForDeploymentPostprocessing = 0;
		};
/* End PBXFrameworksBuildPhase section */

/* Begin PBXGroup section */
		8FF94759197F7C72000504F2 = {
			isa = PBXGroup;
			children = (
				8FF94764197F7C72000504F2 /* todo */,
				8FF94777197F7C72000504F2 /* todoTests */,
				8FF94763197F7C72000504F2 /* Products */,
				8F80C3CD1987495C005CFF5E /* Default.png */,
			);
			sourceTree = "<group>";
		};
		8FF94763197F7C72000504F2 /* Products */ = {
			isa = PBXGroup;
			children = (
				8FF94762197F7C72000504F2 /* todo.app */,
				8FF94774197F7C72000504F2 /* todoTests.xctest */,
			);
			name = Products;
			sourceTree = "<group>";
		};
		8FF94764197F7C72000504F2 /* todo */ = {
			isa = PBXGroup;
			children = (
				8FF94767197F7C72000504F2 /* AppDelegate.swift */,
				8FF94769197F7C72000504F2 /* ViewController.swift */,
				8FF9476B197F7C72000504F2 /* Main.storyboard */,
				8FF9476E197F7C72000504F2 /* Images.xcassets */,
				8FF94765197F7C72000504F2 /* Supporting Files */,
				8FF94784197F7C90000504F2 /* MyTableViewCell.swift */,
			);
			path = todo;
			sourceTree = "<group>";
		};
		8FF94765197F7C72000504F2 /* Supporting Files */ = {
			isa = PBXGroup;
			children = (
				8FF94766197F7C72000504F2 /* Info.plist */,
			);
			name = "Supporting Files";
			sourceTree = "<group>";
		};
		8FF94777197F7C72000504F2 /* todoTests */ = {
			isa = PBXGroup;
			children = (
				8FF9477A197F7C72000504F2 /* todoTests.swift */,
				8FF94778197F7C72000504F2 /* Supporting Files */,
			);
			path = todoTests;
			sourceTree = "<group>";
		};
		8FF94778197F7C72000504F2 /* Supporting Files */ = {
			isa = PBXGroup;
			children = (
				8FF94779197F7C72000504F2 /* Info.plist */,
			);
			name = "Supporting Files";
			sourceTree = "<group>";
		};
/* End PBXGroup section */

/* Begin PBXNativeTarget section */
		8FF94761197F7C72000504F2 /* todo */ = {
			isa = PBXNativeTarget;
			buildConfigurationList = 8FF9477E197F7C72000504F2 /* Build configuration list for PBXNativeTarget "todo" */;
			buildPhases = (
				8FF9475E197F7C72000504F2 /* Sources */,
				8FF9475F197F7C72000504F2 /* Frameworks */,
				8FF94760197F7C72000504F2 /* Resources */,
			);
			buildRules = (
			);
			dependencies = (
			);
			name = todo;
			productName = todo;
			productReference = 8FF94762197F7C72000504F2 /* todo.app */;
			productType = "com.apple.product-type.application";
		};
		8FF94773197F7C72000504F2 /* todoTests */ = {
			isa = PBXNativeTarget;
			buildConfigurationList = 8FF94781197F7C72000504F2 /* Build configuration list for PBXNativeTarget "todoTests" */;
			buildPhases = (
				8FF94770197F7C72000504F2 /* Sources */,
				8FF94771197F7C72000504F2 /* Frameworks */,
				8FF94772197F7C72000504F2 /* Resources */,
			);
			buildRules = (
			);
			dependencies = (
				8FF94776197F7C72000504F2 /* PBXTargetDependency */,
			);
			name = todoTests;
			productName = todoTests;
			productReference = 8FF94774197F7C72000504F2 /* todoTests.xctest */;
			productType = "com.apple.product-type.bundle.unit-test";
		};
/* End PBXNativeTarget section */

/* Begin PBXProject section */
		8FF9475A197F7C72000504F2 /* Project object */ = {
			isa = PBXProject;
			attributes = {
				LastUpgradeCheck = 0600;
				ORGANIZATIONNAME = "Eric Zou";
				TargetAttributes = {
					8FF94761197F7C72000504F2 = {
						CreatedOnToolsVersion = 6.0;
					};
					8FF94773197F7C72000504F2 = {
						CreatedOnToolsVersion = 6.0;
						TestTargetID = 8FF94761197F7C72000504F2;
					};
				};
			};
			buildConfigurationList = 8FF9475D197F7C72000504F2 /* Build configuration list for PBXProject "todo" */;
			compatibilityVersion = "Xcode 3.2";
			developmentRegion = English;
			hasScannedForEncodings = 0;
			knownRegions = (
				en,
				Base,
			);
			mainGroup = 8FF94759197F7C72000504F2;
			productRefGroup = 8FF94763197F7C72000504F2 /* Products */;
			projectDirPath = "";
			projectRoot = "";
			targets = (
				8FF94761197F7C72000504F2 /* todo */,
				8FF94773197F7C72000504F2 /* todoTests */,
			);
		};
/* End PBXProject section */

/* Begin PBXResourcesBuildPhase section */
		8FF94760197F7C72000504F2 /* Resources */ = {
			isa = PBXResourcesBuildPhase;
			buildActionMask = 2147483647;
			files = (
				8FF9476D197F7C72000504F2 /* Main.storyboard in Resources */,
				8FF9476F197F7C72000504F2 /* Images.xcassets in Resources */,
				8F80C3CE1987495C005CFF5E /* Default.png in Resources */,
			);
			runOnlyForDeploymentPostprocessing = 0;
		};
		8FF94772197F7C72000504F2 /* Resources */ = {
			isa = PBXResourcesBuildPhase;
			buildActionMask = 2147483647;
			files = (
			);
			runOnlyForDeploymentPostprocessing = 0;
		};
/* End PBXResourcesBuildPhase section */

/* Begin PBXSourcesBuildPhase section */
		8FF9475E197F7C72000504F2 /* Sources */ = {
			isa = PBXSourcesBuildPhase;
			buildActionMask = 2147483647;
			files = (
				8FF9476A197F7C72000504F2 /* ViewController.swift in Sources */,
				8FF94768197F7C72000504F2 /* AppDelegate.swift in Sources */,
				8FF94785197F7C90000504F2 /* MyTableViewCell.swift in Sources */,
			);
			runOnlyForDeploymentPostprocessing = 0;
		};
		8FF94770197F7C72000504F2 /* Sources */ = {
			isa = PBXSourcesBuildPhase;
			buildActionMask = 2147483647;
			files = (
				8FF9477B197F7C72000504F2 /* todoTests.swift in Sources */,
			);
			runOnlyForDeploymentPostprocessing = 0;
		};
/* End PBXSourcesBuildPhase section */

/* Begin PBXTargetDependency section */
		8FF94776197F7C72000504F2 /* PBXTargetDependency */ = {
			isa = PBXTargetDependency;
			target = 8FF94761197F7C72000504F2 /* todo */;
			targetProxy = 8FF94775197F7C72000504F2 /* PBXContainerItemProxy */;
		};
/* End PBXTargetDependency section */

/* Begin PBXVariantGroup section */
		8FF9476B197F7C72000504F2 /* Main.storyboard */ = {
			isa = PBXVariantGroup;
			children = (
				8FF9476C197F7C72000504F2 /* Base */,
			);
			name = Main.storyboard;
			sourceTree = "<group>";
		};
/* End PBXVariantGroup section */

/* Begin XCBuildConfiguration section */
		8FF9477C197F7C72000504F2 /* Debug */ = {
			isa = XCBuildConfiguration;
			buildSettings = {
				ALWAYS_SEARCH_USER_PATHS = NO;
				CLANG_CXX_LANGUAGE_STANDARD = "gnu++0x";
				CLANG_CXX_LIBRARY = "libc++";
				CLANG_ENABLE_MODULES = YES;
				CLANG_ENABLE_OBJC_ARC = YES;
				CLANG_WARN_BOOL_CONVERSION = YES;
				CLANG_WARN_CONSTANT_CONVERSION = YES;
				CLANG_WARN_DIRECT_OBJC_ISA_USAGE = YES_ERROR;
				CLANG_WARN_EMPTY_BODY = YES;
				CLANG_WARN_ENUM_CONVERSION = YES;
				CLANG_WARN_INT_CONVERSION = YES;
				CLANG_WARN_OBJC_ROOT_CLASS = YES_ERROR;
				CLANG_WARN_UNREACHABLE_CODE = YES;
				CLANG_WARN__DUPLICATE_METHOD_MATCH = YES;
				"CODE_SIGN_IDENTITY[sdk=iphoneos*]" = "iPhone Developer";
				COPY_PHASE_STRIP = NO;
				ENABLE_STRICT_OBJC_MSGSEND = YES;
				GCC_C_LANGUAGE_STANDARD = gnu99;
				GCC_DYNAMIC_NO_PIC = NO;
				GCC_OPTIMIZATION_LEVEL = 0;
				GCC_PREPROCESSOR_DEFINITIONS = (
					"DEBUG=1",
					"$(inherited)",
				);
				GCC_SYMBOLS_PRIVATE_EXTERN = NO;
				GCC_WARN_64_TO_32_BIT_CONVERSION = YES;
				GCC_WARN_ABOUT_RETURN_TYPE = YES_ERROR;
				GCC_WARN_UNDECLARED_SELECTOR = YES;
				GCC_WARN_UNINITIALIZED_AUTOS = YES_AGGRESSIVE;
				GCC_WARN_UNUSED_FUNCTION = YES;
				GCC_WARN_UNUSED_VARIABLE = YES;
				IPHONEOS_DEPLOYMENT_TARGET = 8.0;
				MTL_ENABLE_DEBUG_INFO = YES;
				ONLY_ACTIVE_ARCH = YES;
				SDKROOT = iphoneos;
				SWIFT_OPTIMIZATION_LEVEL = "-Onone";
			};
			name = Debug;
		};
		8FF9477D197F7C72000504F2 /* Release */ = {
			isa = XCBuildConfiguration;
			buildSettings = {
				ALWAYS_SEARCH_USER_PATHS = NO;
				CLANG_CXX_LANGUAGE_STANDARD = "gnu++0x";
				CLANG_CXX_LIBRARY = "libc++";
				CLANG_ENABLE_MODULES = YES;
				CLANG_ENABLE_OBJC_ARC = YES;
				CLANG_WARN_BOOL_CONVERSION = YES;
				CLANG_WARN_CONSTANT_CONVERSION = YES;
				CLANG_WARN_DIRECT_OBJC_ISA_USAGE = YES_ERROR;
				CLANG_WARN_EMPTY_BODY = YES;
				CLANG_WARN_ENUM_CONVERSION = YES;
				CLANG_WARN_INT_CONVERSION = YES;
				CLANG_WARN_OBJC_ROOT_CLASS = YES_ERROR;
				CLANG_WARN_UNREACHABLE_CODE = YES;
				CLANG_WARN__DUPLICATE_METHOD_MATCH = YES;
				"CODE_SIGN_IDENTITY[sdk=iphoneos*]" = "iPhone Developer";
				COPY_PHASE_STRIP = YES;
				ENABLE_NS_ASSERTIONS = NO;
				ENABLE_STRICT_OBJC_MSGSEND = YES;
				GCC_C_LANGUAGE_STANDARD = gnu99;
				GCC_WARN_64_TO_32_BIT_CONVERSION = YES;
				GCC_WARN_ABOUT_RETURN_TYPE = YES_ERROR;
				GCC_WARN_UNDECLARED_SELECTOR = YES;
				GCC_WARN_UNINITIALIZED_AUTOS = YES_AGGRESSIVE;
				GCC_WARN_UNUSED_FUNCTION = YES;
				GCC_WARN_UNUSED_VARIABLE = YES;
				IPHONEOS_DEPLOYMENT_TARGET = 8.0;
				MTL_ENABLE_DEBUG_INFO = NO;
				SDKROOT = iphoneos;
				VALIDATE_PRODUCT = YES;
			};
			name = Release;
		};
		8FF9477F197F7C72000504F2 /* Debug */ = {
			isa = XCBuildConfiguration;
			buildSettings = {
				ASSETCATALOG_COMPILER_APPICON_NAME = AppIcon;
				ASSETCATALOG_COMPILER_LAUNCHIMAGE_NAME = LaunchImage;
				INFOPLIST_FILE = todo/Info.plist;
				LD_RUNPATH_SEARCH_PATHS = "$(inherited) @executable_path/Frameworks";
				PRODUCT_NAME = "$(TARGET_NAME)";
			};
			name = Debug;
		};
		8FF94780197F7C72000504F2 /* Release */ = {
			isa = XCBuildConfiguration;
			buildSettings = {
				ASSETCATALOG_COMPILER_APPICON_NAME = AppIcon;
				ASSETCATALOG_COMPILER_LAUNCHIMAGE_NAME = LaunchImage;
				INFOPLIST_FILE = todo/Info.plist;
				LD_RUNPATH_SEARCH_PATHS = "$(inherited) @executable_path/Frameworks";
				PRODUCT_NAME = "$(TARGET_NAME)";
			};
			name = Release;
		};
		8FF94782197F7C72000504F2 /* Debug */ = {
			isa = XCBuildConfiguration;
			buildSettings = {
				BUNDLE_LOADER = "$(BUILT_PRODUCTS_DIR)/todo.app/todo";
				FRAMEWORK_SEARCH_PATHS = (
					"$(SDKROOT)/Developer/Library/Frameworks",
					"$(inherited)",
				);
				GCC_PREPROCESSOR_DEFINITIONS = (
					"DEBUG=1",
					"$(inherited)",
				);
				INFOPLIST_FILE = todoTests/Info.plist;
				LD_RUNPATH_SEARCH_PATHS = "$(inherited) @executable_path/Frameworks @loader_path/Frameworks";
				PRODUCT_NAME = "$(TARGET_NAME)";
				TEST_HOST = "$(BUNDLE_LOADER)";
			};
			name = Debug;
		};
		8FF94783197F7C72000504F2 /* Release */ = {
			isa = XCBuildConfiguration;
			buildSettings = {
				BUNDLE_LOADER = "$(BUILT_PRODUCTS_DIR)/todo.app/todo";
				FRAMEWORK_SEARCH_PATHS = (
					"$(SDKROOT)/Developer/Library/Frameworks",
					"$(inherited)",
				);
				INFOPLIST_FILE = todoTests/Info.plist;
				LD_RUNPATH_SEARCH_PATHS = "$(inherited) @executable_path/Frameworks @loader_path/Frameworks";
				PRODUCT_NAME = "$(TARGET_NAME)";
				TEST_HOST = "$(BUNDLE_LOADER)";
			};
			name = Release;
		};
/* End XCBuildConfiguration section */

/* Begin XCConfigurationList section */
		8FF9475D197F7C72000504F2 /* Build configuration list for PBXProject "todo" */ = {
			isa = XCConfigurationList;
			buildConfigurations = (
				8FF9477C197F7C72000504F2 /* Debug */,
				8FF9477D197F7C72000504F2 /* Release */,
			);
			defaultConfigurationIsVisible = 0;
			defaultConfigurationName = Release;
		};
		8FF9477E197F7C72000504F2 /* Build configuration list for PBXNativeTarget "todo" */ = {
			isa = XCConfigurationList;
			buildConfigurations = (
				8FF9477F197F7C72000504F2 /* Debug */,
				8FF94780197F7C72000504F2 /* Release */,
			);
			defaultConfigurationIsVisible = 0;
			defaultConfigurationName = Release;
		};
		8FF94781197F7C72000504F2 /* Build configuration list for PBXNativeTarget "todoTests" */ = {
			isa = XCConfigurationList;
			buildConfigurations = (
				8FF94782197F7C72000504F2 /* Debug */,
				8FF94783197F7C72000504F2 /* Release */,
			);
			defaultConfigurationIsVisible = 0;
			defaultConfigurationName = Release;
		};
/* End XCConfigurationList section */
	};
	rootObject = 8FF9475A197F7C72000504F2 /* Project object */;
}
