// !$*UTF8*$!
{
	archiveVersion = 1;
	classes = {
	};
	objectVersion = 46;
	objects = {

/* Begin PBXBuildFile section */
		8F7B689D1973538400148FE0 /* AppDelegate.swift in Sources */ = {isa = PBXBuildFile; fileRef = 8F7B689C1973538400148FE0 /* AppDelegate.swift */; };
		8F7B689F1973538400148FE0 /* ViewController.swift in Sources */ = {isa = PBXBuildFile; fileRef = 8F7B689E1973538400148FE0 /* ViewController.swift */; };
		8F7B68A21973538400148FE0 /* Main.storyboard in Resources */ = {isa = PBXBuildFile; fileRef = 8F7B68A01973538400148FE0 /* Main.storyboard */; };
		8F7B68A41973538400148FE0 /* Images.xcassets in Resources */ = {isa = PBXBuildFile; fileRef = 8F7B68A31973538400148FE0 /* Images.xcassets */; };
		8F7B68B01973538400148FE0 /* TipCalculatorTests.swift in Sources */ = {isa = PBXBuildFile; fileRef = 8F7B68AF1973538400148FE0 /* TipCalculatorTests.swift */; };
		8F7B68BA197354D300148FE0 /* TipCalculatorModel.swift in Sources */ = {isa = PBXBuildFile; fileRef = 8F7B68B9197354D300148FE0 /* TipCalculatorModel.swift */; };
/* End PBXBuildFile section */

/* Begin PBXContainerItemProxy section */
		8F7B68AA1973538400148FE0 /* PBXContainerItemProxy */ = {
			isa = PBXContainerItemProxy;
			containerPortal = 8F7B688F1973538400148FE0 /* Project object */;
			proxyType = 1;
			remoteGlobalIDString = 8F7B68961973538400148FE0;
			remoteInfo = TipCalculator;
		};
/* End PBXContainerItemProxy section */

/* Begin PBXFileReference section */
		8F7B68971973538400148FE0 /* TipCalculator.app */ = {isa = PBXFileReference; explicitFileType = wrapper.application; includeInIndex = 0; path = TipCalculator.app; sourceTree = BUILT_PRODUCTS_DIR; };
		8F7B689B1973538400148FE0 /* Info.plist */ = {isa = PBXFileReference; lastKnownFileType = text.plist.xml; path = Info.plist; sourceTree = "<group>"; };
		8F7B689C1973538400148FE0 /* AppDelegate.swift */ = {isa = PBXFileReference; lastKnownFileType = sourcecode.swift; path = AppDelegate.swift; sourceTree = "<group>"; };
		8F7B689E1973538400148FE0 /* ViewController.swift */ = {isa = PBXFileReference; lastKnownFileType = sourcecode.swift; path = ViewController.swift; sourceTree = "<group>"; };
		8F7B68A11973538400148FE0 /* Base */ = {isa = PBXFileReference; lastKnownFileType = file.storyboard; name = Base; path = Base.lproj/Main.storyboard; sourceTree = "<group>"; };
		8F7B68A31973538400148FE0 /* Images.xcassets */ = {isa = PBXFileReference; lastKnownFileType = folder.assetcatalog; path = Images.xcassets; sourceTree = "<group>"; };
		8F7B68A91973538400148FE0 /* TipCalculatorTests.xctest */ = {isa = PBXFileReference; explicitFileType = wrapper.cfbundle; includeInIndex = 0; path = TipCalculatorTests.xctest; sourceTree = BUILT_PRODUCTS_DIR; };
		8F7B68AE1973538400148FE0 /* Info.plist */ = {isa = PBXFileReference; lastKnownFileType = text.plist.xml; path = Info.plist; sourceTree = "<group>"; };
		8F7B68AF1973538400148FE0 /* TipCalculatorTests.swift */ = {isa = PBXFileReference; lastKnownFileType = sourcecode.swift; path = TipCalculatorTests.swift; sourceTree = "<group>"; };
		8F7B68B9197354D300148FE0 /* TipCalculatorModel.swift */ = {isa = PBXFileReference; fileEncoding = 4; lastKnownFileType = sourcecode.swift; name = TipCalculatorModel.swift; path = TipCalculator/TipCalculatorModel.swift; sourceTree = "<group>"; };
		8F7B68BB1973553E00148FE0 /* MyPlayground.playground */ = {isa = PBXFileReference; lastKnownFileType = file.playground; path = MyPlayground.playground; sourceTree = "<group>"; };
/* End PBXFileReference section */

/* Begin PBXFrameworksBuildPhase section */
		8F7B68941973538400148FE0 /* Frameworks */ = {
			isa = PBXFrameworksBuildPhase;
			buildActionMask = 2147483647;
			files = (
			);
			runOnlyForDeploymentPostprocessing = 0;
		};
		8F7B68A61973538400148FE0 /* Frameworks */ = {
			isa = PBXFrameworksBuildPhase;
			buildActionMask = 2147483647;
			files = (
			);
			runOnlyForDeploymentPostprocessing = 0;
		};
/* End PBXFrameworksBuildPhase section */

/* Begin PBXGroup section */
		8F7B688E1973538400148FE0 = {
			isa = PBXGroup;
			children = (
				8F7B68B9197354D300148FE0 /* TipCalculatorModel.swift */,
				8F7B68BB1973553E00148FE0 /* MyPlayground.playground */,
				8F7B68991973538400148FE0 /* TipCalculator */,
				8F7B68AC1973538400148FE0 /* TipCalculatorTests */,
				8F7B68981973538400148FE0 /* Products */,
			);
			sourceTree = "<group>";
		};
		8F7B68981973538400148FE0 /* Products */ = {
			isa = PBXGroup;
			children = (
				8F7B68971973538400148FE0 /* TipCalculator.app */,
				8F7B68A91973538400148FE0 /* TipCalculatorTests.xctest */,
			);
			name = Products;
			sourceTree = "<group>";
		};
		8F7B68991973538400148FE0 /* TipCalculator */ = {
			isa = PBXGroup;
			children = (
				8F7B689C1973538400148FE0 /* AppDelegate.swift */,
				8F7B689E1973538400148FE0 /* ViewController.swift */,
				8F7B68A01973538400148FE0 /* Main.storyboard */,
				8F7B68A31973538400148FE0 /* Images.xcassets */,
				8F7B689A1973538400148FE0 /* Supporting Files */,
			);
			path = TipCalculator;
			sourceTree = "<group>";
		};
		8F7B689A1973538400148FE0 /* Supporting Files */ = {
			isa = PBXGroup;
			children = (
				8F7B689B1973538400148FE0 /* Info.plist */,
			);
			name = "Supporting Files";
			sourceTree = "<group>";
		};
		8F7B68AC1973538400148FE0 /* TipCalculatorTests */ = {
			isa = PBXGroup;
			children = (
				8F7B68AF1973538400148FE0 /* TipCalculatorTests.swift */,
				8F7B68AD1973538400148FE0 /* Supporting Files */,
			);
			path = TipCalculatorTests;
			sourceTree = "<group>";
		};
		8F7B68AD1973538400148FE0 /* Supporting Files */ = {
			isa = PBXGroup;
			children = (
				8F7B68AE1973538400148FE0 /* Info.plist */,
			);
			name = "Supporting Files";
			sourceTree = "<group>";
		};
/* End PBXGroup section */

/* Begin PBXNativeTarget section */
		8F7B68961973538400148FE0 /* TipCalculator */ = {
			isa = PBXNativeTarget;
			buildConfigurationList = 8F7B68B31973538500148FE0 /* Build configuration list for PBXNativeTarget "TipCalculator" */;
			buildPhases = (
				8F7B68931973538400148FE0 /* Sources */,
				8F7B68941973538400148FE0 /* Frameworks */,
				8F7B68951973538400148FE0 /* Resources */,
			);
			buildRules = (
			);
			dependencies = (
			);
			name = TipCalculator;
			productName = TipCalculator;
			productReference = 8F7B68971973538400148FE0 /* TipCalculator.app */;
			productType = "com.apple.product-type.application";
		};
		8F7B68A81973538400148FE0 /* TipCalculatorTests */ = {
			isa = PBXNativeTarget;
			buildConfigurationList = 8F7B68B61973538500148FE0 /* Build configuration list for PBXNativeTarget "TipCalculatorTests" */;
			buildPhases = (
				8F7B68A51973538400148FE0 /* Sources */,
				8F7B68A61973538400148FE0 /* Frameworks */,
				8F7B68A71973538400148FE0 /* Resources */,
			);
			buildRules = (
			);
			dependencies = (
				8F7B68AB1973538400148FE0 /* PBXTargetDependency */,
			);
			name = TipCalculatorTests;
			productName = TipCalculatorTests;
			productReference = 8F7B68A91973538400148FE0 /* TipCalculatorTests.xctest */;
			productType = "com.apple.product-type.bundle.unit-test";
		};
/* End PBXNativeTarget section */

/* Begin PBXProject section */
		8F7B688F1973538400148FE0 /* Project object */ = {
			isa = PBXProject;
			attributes = {
				LastUpgradeCheck = 0600;
				ORGANIZATIONNAME = "Eric Zou";
				TargetAttributes = {
					8F7B68961973538400148FE0 = {
						CreatedOnToolsVersion = 6.0;
					};
					8F7B68A81973538400148FE0 = {
						CreatedOnToolsVersion = 6.0;
						TestTargetID = 8F7B68961973538400148FE0;
					};
				};
			};
			buildConfigurationList = 8F7B68921973538400148FE0 /* Build configuration list for PBXProject "TipCalculator" */;
			compatibilityVersion = "Xcode 3.2";
			developmentRegion = English;
			hasScannedForEncodings = 0;
			knownRegions = (
				en,
				Base,
			);
			mainGroup = 8F7B688E1973538400148FE0;
			productRefGroup = 8F7B68981973538400148FE0 /* Products */;
			projectDirPath = "";
			projectRoot = "";
			targets = (
				8F7B68961973538400148FE0 /* TipCalculator */,
				8F7B68A81973538400148FE0 /* TipCalculatorTests */,
			);
		};
/* End PBXProject section */

/* Begin PBXResourcesBuildPhase section */
		8F7B68951973538400148FE0 /* Resources */ = {
			isa = PBXResourcesBuildPhase;
			buildActionMask = 2147483647;
			files = (
				8F7B68A21973538400148FE0 /* Main.storyboard in Resources */,
				8F7B68A41973538400148FE0 /* Images.xcassets in Resources */,
			);
			runOnlyForDeploymentPostprocessing = 0;
		};
		8F7B68A71973538400148FE0 /* Resources */ = {
			isa = PBXResourcesBuildPhase;
			buildActionMask = 2147483647;
			files = (
			);
			runOnlyForDeploymentPostprocessing = 0;
		};
/* End PBXResourcesBuildPhase section */

/* Begin PBXSourcesBuildPhase section */
		8F7B68931973538400148FE0 /* Sources */ = {
			isa = PBXSourcesBuildPhase;
			buildActionMask = 2147483647;
			files = (
				8F7B689F1973538400148FE0 /* ViewController.swift in Sources */,
				8F7B68BA197354D300148FE0 /* TipCalculatorModel.swift in Sources */,
				8F7B689D1973538400148FE0 /* AppDelegate.swift in Sources */,
			);
			runOnlyForDeploymentPostprocessing = 0;
		};
		8F7B68A51973538400148FE0 /* Sources */ = {
			isa = PBXSourcesBuildPhase;
			buildActionMask = 2147483647;
			files = (
				8F7B68B01973538400148FE0 /* TipCalculatorTests.swift in Sources */,
			);
			runOnlyForDeploymentPostprocessing = 0;
		};
/* End PBXSourcesBuildPhase section */

/* Begin PBXTargetDependency section */
		8F7B68AB1973538400148FE0 /* PBXTargetDependency */ = {
			isa = PBXTargetDependency;
			target = 8F7B68961973538400148FE0 /* TipCalculator */;
			targetProxy = 8F7B68AA1973538400148FE0 /* PBXContainerItemProxy */;
		};
/* End PBXTargetDependency section */

/* Begin PBXVariantGroup section */
		8F7B68A01973538400148FE0 /* Main.storyboard */ = {
			isa = PBXVariantGroup;
			children = (
				8F7B68A11973538400148FE0 /* Base */,
			);
			name = Main.storyboard;
			sourceTree = "<group>";
		};
/* End PBXVariantGroup section */

/* Begin XCBuildConfiguration section */
		8F7B68B11973538500148FE0 /* Debug */ = {
			isa = XCBuildConfiguration;
			buildSettings = {
				ALWAYS_SEARCH_USER_PATHS = NO;
				CLANG_CXX_LANGUAGE_STANDARD = "gnu++0x";
				CLANG_CXX_LIBRARY = "libc++";
				CLANG_ENABLE_MODULES = YES;
				CLANG_ENABLE_OBJC_ARC = YES;
				CLANG_WARN_BOOL_CONVERSION = YES;
				CLANG_WARN_CONSTANT_CONVERSION = YES;
				CLANG_WARN_DIRECT_OBJC_ISA_USAGE = YES_ERROR;
				CLANG_WARN_EMPTY_BODY = YES;
				CLANG_WARN_ENUM_CONVERSION = YES;
				CLANG_WARN_INT_CONVERSION = YES;
				CLANG_WARN_OBJC_ROOT_CLASS = YES_ERROR;
				CLANG_WARN_UNREACHABLE_CODE = YES;
				CLANG_WARN__DUPLICATE_METHOD_MATCH = YES;
				"CODE_SIGN_IDENTITY[sdk=iphoneos*]" = "iPhone Developer";
				COPY_PHASE_STRIP = NO;
				ENABLE_STRICT_OBJC_MSGSEND = YES;
				GCC_C_LANGUAGE_STANDARD = gnu99;
				GCC_DYNAMIC_NO_PIC = NO;
				GCC_OPTIMIZATION_LEVEL = 0;
				GCC_PREPROCESSOR_DEFINITIONS = (
					"DEBUG=1",
					"$(inherited)",
				);
				GCC_SYMBOLS_PRIVATE_EXTERN = NO;
				GCC_WARN_64_TO_32_BIT_CONVERSION = YES;
				GCC_WARN_ABOUT_RETURN_TYPE = YES_ERROR;
				GCC_WARN_UNDECLARED_SELECTOR = YES;
				GCC_WARN_UNINITIALIZED_AUTOS = YES_AGGRESSIVE;
				GCC_WARN_UNUSED_FUNCTION = YES;
				GCC_WARN_UNUSED_VARIABLE = YES;
				IPHONEOS_DEPLOYMENT_TARGET = 8.0;
				METAL_ENABLE_DEBUG_INFO = YES;
				ONLY_ACTIVE_ARCH = YES;
				SDKROOT = iphoneos;
				SWIFT_OPTIMIZATION_LEVEL = "-Onone";
			};
			name = Debug;
		};
		8F7B68B21973538500148FE0 /* Release */ = {
			isa = XCBuildConfiguration;
			buildSettings = {
				ALWAYS_SEARCH_USER_PATHS = NO;
				CLANG_CXX_LANGUAGE_STANDARD = "gnu++0x";
				CLANG_CXX_LIBRARY = "libc++";
				CLANG_ENABLE_MODULES = YES;
				CLANG_ENABLE_OBJC_ARC = YES;
				CLANG_WARN_BOOL_CONVERSION = YES;
				CLANG_WARN_CONSTANT_CONVERSION = YES;
				CLANG_WARN_DIRECT_OBJC_ISA_USAGE = YES_ERROR;
				CLANG_WARN_EMPTY_BODY = YES;
				CLANG_WARN_ENUM_CONVERSION = YES;
				CLANG_WARN_INT_CONVERSION = YES;
				CLANG_WARN_OBJC_ROOT_CLASS = YES_ERROR;
				CLANG_WARN_UNREACHABLE_CODE = YES;
				CLANG_WARN__DUPLICATE_METHOD_MATCH = YES;
				"CODE_SIGN_IDENTITY[sdk=iphoneos*]" = "iPhone Developer";
				COPY_PHASE_STRIP = YES;
				ENABLE_NS_ASSERTIONS = NO;
				ENABLE_STRICT_OBJC_MSGSEND = YES;
				GCC_C_LANGUAGE_STANDARD = gnu99;
				GCC_WARN_64_TO_32_BIT_CONVERSION = YES;
				GCC_WARN_ABOUT_RETURN_TYPE = YES_ERROR;
				GCC_WARN_UNDECLARED_SELECTOR = YES;
				GCC_WARN_UNINITIALIZED_AUTOS = YES_AGGRESSIVE;
				GCC_WARN_UNUSED_FUNCTION = YES;
				GCC_WARN_UNUSED_VARIABLE = YES;
				IPHONEOS_DEPLOYMENT_TARGET = 8.0;
				METAL_ENABLE_DEBUG_INFO = NO;
				SDKROOT = iphoneos;
				VALIDATE_PRODUCT = YES;
			};
			name = Release;
		};
		8F7B68B41973538500148FE0 /* Debug */ = {
			isa = XCBuildConfiguration;
			buildSettings = {
				ASSETCATALOG_COMPILER_APPICON_NAME = AppIcon;
				ASSETCATALOG_COMPILER_LAUNCHIMAGE_NAME = LaunchImage;
				INFOPLIST_FILE = TipCalculator/Info.plist;
				LD_RUNPATH_SEARCH_PATHS = "$(inherited) @executable_path/Frameworks";
				PRODUCT_NAME = "$(TARGET_NAME)";
			};
			name = Debug;
		};
		8F7B68B51973538500148FE0 /* Release */ = {
			isa = XCBuildConfiguration;
			buildSettings = {
				ASSETCATALOG_COMPILER_APPICON_NAME = AppIcon;
				ASSETCATALOG_COMPILER_LAUNCHIMAGE_NAME = LaunchImage;
				INFOPLIST_FILE = TipCalculator/Info.plist;
				LD_RUNPATH_SEARCH_PATHS = "$(inherited) @executable_path/Frameworks";
				PRODUCT_NAME = "$(TARGET_NAME)";
			};
			name = Release;
		};
		8F7B68B71973538500148FE0 /* Debug */ = {
			isa = XCBuildConfiguration;
			buildSettings = {
				BUNDLE_LOADER = "$(BUILT_PRODUCTS_DIR)/TipCalculator.app/TipCalculator";
				FRAMEWORK_SEARCH_PATHS = (
					"$(SDKROOT)/Developer/Library/Frameworks",
					"$(inherited)",
				);
				GCC_PREPROCESSOR_DEFINITIONS = (
					"DEBUG=1",
					"$(inherited)",
				);
				INFOPLIST_FILE = TipCalculatorTests/Info.plist;
				LD_RUNPATH_SEARCH_PATHS = "$(inherited) @executable_path/Frameworks @loader_path/Frameworks";
				METAL_ENABLE_DEBUG_INFO = YES;
				PRODUCT_NAME = "$(TARGET_NAME)";
				TEST_HOST = "$(BUNDLE_LOADER)";
			};
			name = Debug;
		};
		8F7B68B81973538500148FE0 /* Release */ = {
			isa = XCBuildConfiguration;
			buildSettings = {
				BUNDLE_LOADER = "$(BUILT_PRODUCTS_DIR)/TipCalculator.app/TipCalculator";
				FRAMEWORK_SEARCH_PATHS = (
					"$(SDKROOT)/Developer/Library/Frameworks",
					"$(inherited)",
				);
				INFOPLIST_FILE = TipCalculatorTests/Info.plist;
				LD_RUNPATH_SEARCH_PATHS = "$(inherited) @executable_path/Frameworks @loader_path/Frameworks";
				METAL_ENABLE_DEBUG_INFO = NO;
				PRODUCT_NAME = "$(TARGET_NAME)";
				TEST_HOST = "$(BUNDLE_LOADER)";
			};
			name = Release;
		};
/* End XCBuildConfiguration section */

/* Begin XCConfigurationList section */
		8F7B68921973538400148FE0 /* Build configuration list for PBXProject "TipCalculator" */ = {
			isa = XCConfigurationList;
			buildConfigurations = (
				8F7B68B11973538500148FE0 /* Debug */,
				8F7B68B21973538500148FE0 /* Release */,
			);
			defaultConfigurationIsVisible = 0;
			defaultConfigurationName = Release;
		};
		8F7B68B31973538500148FE0 /* Build configuration list for PBXNativeTarget "TipCalculator" */ = {
			isa = XCConfigurationList;
			buildConfigurations = (
				8F7B68B41973538500148FE0 /* Debug */,
				8F7B68B51973538500148FE0 /* Release */,
			);
			defaultConfigurationIsVisible = 0;
		};
		8F7B68B61973538500148FE0 /* Build configuration list for PBXNativeTarget "TipCalculatorTests" */ = {
			isa = XCConfigurationList;
			buildConfigurations = (
				8F7B68B71973538500148FE0 /* Debug */,
				8F7B68B81973538500148FE0 /* Release */,
			);
			defaultConfigurationIsVisible = 0;
		};
/* End XCConfigurationList section */
	};
	rootObject = 8F7B688F1973538400148FE0 /* Project object */;
}
