// !$*UTF8*$!
{
	archiveVersion = 1;
	classes = {
	};
	objectVersion = 46;
	objects = {

/* Begin PBXBuildFile section */
		8F80C3DE19877040005CFF5E /* AppDelegate.swift in Sources */ = {isa = PBXBuildFile; fileRef = 8F80C3DD19877040005CFF5E /* AppDelegate.swift */; };
		8F80C3E019877040005CFF5E /* ViewController.swift in Sources */ = {isa = PBXBuildFile; fileRef = 8F80C3DF19877040005CFF5E /* ViewController.swift */; };
		8F80C3E319877041005CFF5E /* Main.storyboard in Resources */ = {isa = PBXBuildFile; fileRef = 8F80C3E119877041005CFF5E /* Main.storyboard */; };
		8F80C3E519877041005CFF5E /* Images.xcassets in Resources */ = {isa = PBXBuildFile; fileRef = 8F80C3E419877041005CFF5E /* Images.xcassets */; };
		8F80C3F119877041005CFF5E /* lessionTwoTests.swift in Sources */ = {isa = PBXBuildFile; fileRef = 8F80C3F019877041005CFF5E /* lessionTwoTests.swift */; };
/* End PBXBuildFile section */

/* Begin PBXContainerItemProxy section */
		8F80C3EB19877041005CFF5E /* PBXContainerItemProxy */ = {
			isa = PBXContainerItemProxy;
			containerPortal = 8F80C3D019877040005CFF5E /* Project object */;
			proxyType = 1;
			remoteGlobalIDString = 8F80C3D719877040005CFF5E;
			remoteInfo = lessionTwo;
		};
/* End PBXContainerItemProxy section */

/* Begin PBXFileReference section */
		8F80C3D819877040005CFF5E /* lessionTwo.app */ = {isa = PBXFileReference; explicitFileType = wrapper.application; includeInIndex = 0; path = lessionTwo.app; sourceTree = BUILT_PRODUCTS_DIR; };
		8F80C3DC19877040005CFF5E /* Info.plist */ = {isa = PBXFileReference; lastKnownFileType = text.plist.xml; path = Info.plist; sourceTree = "<group>"; };
		8F80C3DD19877040005CFF5E /* AppDelegate.swift */ = {isa = PBXFileReference; lastKnownFileType = sourcecode.swift; path = AppDelegate.swift; sourceTree = "<group>"; };
		8F80C3DF19877040005CFF5E /* ViewController.swift */ = {isa = PBXFileReference; lastKnownFileType = sourcecode.swift; path = ViewController.swift; sourceTree = "<group>"; };
		8F80C3E219877041005CFF5E /* Base */ = {isa = PBXFileReference; lastKnownFileType = file.storyboard; name = Base; path = Base.lproj/Main.storyboard; sourceTree = "<group>"; };
		8F80C3E419877041005CFF5E /* Images.xcassets */ = {isa = PBXFileReference; lastKnownFileType = folder.assetcatalog; path = Images.xcassets; sourceTree = "<group>"; };
		8F80C3EA19877041005CFF5E /* lessionTwoTests.xctest */ = {isa = PBXFileReference; explicitFileType = wrapper.cfbundle; includeInIndex = 0; path = lessionTwoTests.xctest; sourceTree = BUILT_PRODUCTS_DIR; };
		8F80C3EF19877041005CFF5E /* Info.plist */ = {isa = PBXFileReference; lastKnownFileType = text.plist.xml; path = Info.plist; sourceTree = "<group>"; };
		8F80C3F019877041005CFF5E /* lessionTwoTests.swift */ = {isa = PBXFileReference; lastKnownFileType = sourcecode.swift; path = lessionTwoTests.swift; sourceTree = "<group>"; };
/* End PBXFileReference section */

/* Begin PBXFrameworksBuildPhase section */
		8F80C3D519877040005CFF5E /* Frameworks */ = {
			isa = PBXFrameworksBuildPhase;
			buildActionMask = 2147483647;
			files = (
			);
			runOnlyForDeploymentPostprocessing = 0;
		};
		8F80C3E719877041005CFF5E /* Frameworks */ = {
			isa = PBXFrameworksBuildPhase;
			buildActionMask = 2147483647;
			files = (
			);
			runOnlyForDeploymentPostprocessing = 0;
		};
/* End PBXFrameworksBuildPhase section */

/* Begin PBXGroup section */
		8F80C3CF19877040005CFF5E = {
			isa = PBXGroup;
			children = (
				8F80C3DA19877040005CFF5E /* lessionTwo */,
				8F80C3ED19877041005CFF5E /* lessionTwoTests */,
				8F80C3D919877040005CFF5E /* Products */,
			);
			sourceTree = "<group>";
		};
		8F80C3D919877040005CFF5E /* Products */ = {
			isa = PBXGroup;
			children = (
				8F80C3D819877040005CFF5E /* lessionTwo.app */,
				8F80C3EA19877041005CFF5E /* lessionTwoTests.xctest */,
			);
			name = Products;
			sourceTree = "<group>";
		};
		8F80C3DA19877040005CFF5E /* lessionTwo */ = {
			isa = PBXGroup;
			children = (
				8F80C3DD19877040005CFF5E /* AppDelegate.swift */,
				8F80C3DF19877040005CFF5E /* ViewController.swift */,
				8F80C3E119877041005CFF5E /* Main.storyboard */,
				8F80C3E419877041005CFF5E /* Images.xcassets */,
				8F80C3DB19877040005CFF5E /* Supporting Files */,
			);
			path = lessionTwo;
			sourceTree = "<group>";
		};
		8F80C3DB19877040005CFF5E /* Supporting Files */ = {
			isa = PBXGroup;
			children = (
				8F80C3DC19877040005CFF5E /* Info.plist */,
			);
			name = "Supporting Files";
			sourceTree = "<group>";
		};
		8F80C3ED19877041005CFF5E /* lessionTwoTests */ = {
			isa = PBXGroup;
			children = (
				8F80C3F019877041005CFF5E /* lessionTwoTests.swift */,
				8F80C3EE19877041005CFF5E /* Supporting Files */,
			);
			path = lessionTwoTests;
			sourceTree = "<group>";
		};
		8F80C3EE19877041005CFF5E /* Supporting Files */ = {
			isa = PBXGroup;
			children = (
				8F80C3EF19877041005CFF5E /* Info.plist */,
			);
			name = "Supporting Files";
			sourceTree = "<group>";
		};
/* End PBXGroup section */

/* Begin PBXNativeTarget section */
		8F80C3D719877040005CFF5E /* lessionTwo */ = {
			isa = PBXNativeTarget;
			buildConfigurationList = 8F80C3F419877041005CFF5E /* Build configuration list for PBXNativeTarget "lessionTwo" */;
			buildPhases = (
				8F80C3D419877040005CFF5E /* Sources */,
				8F80C3D519877040005CFF5E /* Frameworks */,
				8F80C3D619877040005CFF5E /* Resources */,
			);
			buildRules = (
			);
			dependencies = (
			);
			name = lessionTwo;
			productName = lessionTwo;
			productReference = 8F80C3D819877040005CFF5E /* lessionTwo.app */;
			productType = "com.apple.product-type.application";
		};
		8F80C3E919877041005CFF5E /* lessionTwoTests */ = {
			isa = PBXNativeTarget;
			buildConfigurationList = 8F80C3F719877041005CFF5E /* Build configuration list for PBXNativeTarget "lessionTwoTests" */;
			buildPhases = (
				8F80C3E619877041005CFF5E /* Sources */,
				8F80C3E719877041005CFF5E /* Frameworks */,
				8F80C3E819877041005CFF5E /* Resources */,
			);
			buildRules = (
			);
			dependencies = (
				8F80C3EC19877041005CFF5E /* PBXTargetDependency */,
			);
			name = lessionTwoTests;
			productName = lessionTwoTests;
			productReference = 8F80C3EA19877041005CFF5E /* lessionTwoTests.xctest */;
			productType = "com.apple.product-type.bundle.unit-test";
		};
/* End PBXNativeTarget section */

/* Begin PBXProject section */
		8F80C3D019877040005CFF5E /* Project object */ = {
			isa = PBXProject;
			attributes = {
				LastUpgradeCheck = 0600;
				ORGANIZATIONNAME = "Eric Zou";
				TargetAttributes = {
					8F80C3D719877040005CFF5E = {
						CreatedOnToolsVersion = 6.0;
					};
					8F80C3E919877041005CFF5E = {
						CreatedOnToolsVersion = 6.0;
						TestTargetID = 8F80C3D719877040005CFF5E;
					};
				};
			};
			buildConfigurationList = 8F80C3D319877040005CFF5E /* Build configuration list for PBXProject "lessionTwo" */;
			compatibilityVersion = "Xcode 3.2";
			developmentRegion = English;
			hasScannedForEncodings = 0;
			knownRegions = (
				en,
				Base,
			);
			mainGroup = 8F80C3CF19877040005CFF5E;
			productRefGroup = 8F80C3D919877040005CFF5E /* Products */;
			projectDirPath = "";
			projectRoot = "";
			targets = (
				8F80C3D719877040005CFF5E /* lessionTwo */,
				8F80C3E919877041005CFF5E /* lessionTwoTests */,
			);
		};
/* End PBXProject section */

/* Begin PBXResourcesBuildPhase section */
		8F80C3D619877040005CFF5E /* Resources */ = {
			isa = PBXResourcesBuildPhase;
			buildActionMask = 2147483647;
			files = (
				8F80C3E319877041005CFF5E /* Main.storyboard in Resources */,
				8F80C3E519877041005CFF5E /* Images.xcassets in Resources */,
			);
			runOnlyForDeploymentPostprocessing = 0;
		};
		8F80C3E819877041005CFF5E /* Resources */ = {
			isa = PBXResourcesBuildPhase;
			buildActionMask = 2147483647;
			files = (
			);
			runOnlyForDeploymentPostprocessing = 0;
		};
/* End PBXResourcesBuildPhase section */

/* Begin PBXSourcesBuildPhase section */
		8F80C3D419877040005CFF5E /* Sources */ = {
			isa = PBXSourcesBuildPhase;
			buildActionMask = 2147483647;
			files = (
				8F80C3E019877040005CFF5E /* ViewController.swift in Sources */,
				8F80C3DE19877040005CFF5E /* AppDelegate.swift in Sources */,
			);
			runOnlyForDeploymentPostprocessing = 0;
		};
		8F80C3E619877041005CFF5E /* Sources */ = {
			isa = PBXSourcesBuildPhase;
			buildActionMask = 2147483647;
			files = (
				8F80C3F119877041005CFF5E /* lessionTwoTests.swift in Sources */,
			);
			runOnlyForDeploymentPostprocessing = 0;
		};
/* End PBXSourcesBuildPhase section */

/* Begin PBXTargetDependency section */
		8F80C3EC19877041005CFF5E /* PBXTargetDependency */ = {
			isa = PBXTargetDependency;
			target = 8F80C3D719877040005CFF5E /* lessionTwo */;
			targetProxy = 8F80C3EB19877041005CFF5E /* PBXContainerItemProxy */;
		};
/* End PBXTargetDependency section */

/* Begin PBXVariantGroup section */
		8F80C3E119877041005CFF5E /* Main.storyboard */ = {
			isa = PBXVariantGroup;
			children = (
				8F80C3E219877041005CFF5E /* Base */,
			);
			name = Main.storyboard;
			sourceTree = "<group>";
		};
/* End PBXVariantGroup section */

/* Begin XCBuildConfiguration section */
		8F80C3F219877041005CFF5E /* Debug */ = {
			isa = XCBuildConfiguration;
			buildSettings = {
				ALWAYS_SEARCH_USER_PATHS = NO;
				CLANG_CXX_LANGUAGE_STANDARD = "gnu++0x";
				CLANG_CXX_LIBRARY = "libc++";
				CLANG_ENABLE_MODULES = YES;
				CLANG_ENABLE_OBJC_ARC = YES;
				CLANG_WARN_BOOL_CONVERSION = YES;
				CLANG_WARN_CONSTANT_CONVERSION = YES;
				CLANG_WARN_DIRECT_OBJC_ISA_USAGE = YES_ERROR;
				CLANG_WARN_EMPTY_BODY = YES;
				CLANG_WARN_ENUM_CONVERSION = YES;
				CLANG_WARN_INT_CONVERSION = YES;
				CLANG_WARN_OBJC_ROOT_CLASS = YES_ERROR;
				CLANG_WARN_UNREACHABLE_CODE = YES;
				CLANG_WARN__DUPLICATE_METHOD_MATCH = YES;
				"CODE_SIGN_IDENTITY[sdk=iphoneos*]" = "iPhone Developer";
				COPY_PHASE_STRIP = NO;
				ENABLE_STRICT_OBJC_MSGSEND = YES;
				GCC_C_LANGUAGE_STANDARD = gnu99;
				GCC_DYNAMIC_NO_PIC = NO;
				GCC_OPTIMIZATION_LEVEL = 0;
				GCC_PREPROCESSOR_DEFINITIONS = (
					"DEBUG=1",
					"$(inherited)",
				);
				GCC_SYMBOLS_PRIVATE_EXTERN = NO;
				GCC_WARN_64_TO_32_BIT_CONVERSION = YES;
				GCC_WARN_ABOUT_RETURN_TYPE = YES_ERROR;
				GCC_WARN_UNDECLARED_SELECTOR = YES;
				GCC_WARN_UNINITIALIZED_AUTOS = YES_AGGRESSIVE;
				GCC_WARN_UNUSED_FUNCTION = YES;
				GCC_WARN_UNUSED_VARIABLE = YES;
				IPHONEOS_DEPLOYMENT_TARGET = 8.0;
				MTL_ENABLE_DEBUG_INFO = YES;
				ONLY_ACTIVE_ARCH = YES;
				SDKROOT = iphoneos;
				SWIFT_OPTIMIZATION_LEVEL = "-Onone";
			};
			name = Debug;
		};
		8F80C3F319877041005CFF5E /* Release */ = {
			isa = XCBuildConfiguration;
			buildSettings = {
				ALWAYS_SEARCH_USER_PATHS = NO;
				CLANG_CXX_LANGUAGE_STANDARD = "gnu++0x";
				CLANG_CXX_LIBRARY = "libc++";
				CLANG_ENABLE_MODULES = YES;
				CLANG_ENABLE_OBJC_ARC = YES;
				CLANG_WARN_BOOL_CONVERSION = YES;
				CLANG_WARN_CONSTANT_CONVERSION = YES;
				CLANG_WARN_DIRECT_OBJC_ISA_USAGE = YES_ERROR;
				CLANG_WARN_EMPTY_BODY = YES;
				CLANG_WARN_ENUM_CONVERSION = YES;
				CLANG_WARN_INT_CONVERSION = YES;
				CLANG_WARN_OBJC_ROOT_CLASS = YES_ERROR;
				CLANG_WARN_UNREACHABLE_CODE = YES;
				CLANG_WARN__DUPLICATE_METHOD_MATCH = YES;
				"CODE_SIGN_IDENTITY[sdk=iphoneos*]" = "iPhone Developer";
				COPY_PHASE_STRIP = YES;
				ENABLE_NS_ASSERTIONS = NO;
				ENABLE_STRICT_OBJC_MSGSEND = YES;
				GCC_C_LANGUAGE_STANDARD = gnu99;
				GCC_WARN_64_TO_32_BIT_CONVERSION = YES;
				GCC_WARN_ABOUT_RETURN_TYPE = YES_ERROR;
				GCC_WARN_UNDECLARED_SELECTOR = YES;
				GCC_WARN_UNINITIALIZED_AUTOS = YES_AGGRESSIVE;
				GCC_WARN_UNUSED_FUNCTION = YES;
				GCC_WARN_UNUSED_VARIABLE = YES;
				IPHONEOS_DEPLOYMENT_TARGET = 8.0;
				MTL_ENABLE_DEBUG_INFO = NO;
				SDKROOT = iphoneos;
				VALIDATE_PRODUCT = YES;
			};
			name = Release;
		};
		8F80C3F519877041005CFF5E /* Debug */ = {
			isa = XCBuildConfiguration;
			buildSettings = {
				ASSETCATALOG_COMPILER_APPICON_NAME = AppIcon;
				ASSETCATALOG_COMPILER_LAUNCHIMAGE_NAME = LaunchImage;
				INFOPLIST_FILE = lessionTwo/Info.plist;
				LD_RUNPATH_SEARCH_PATHS = "$(inherited) @executable_path/Frameworks";
				PRODUCT_NAME = "$(TARGET_NAME)";
			};
			name = Debug;
		};
		8F80C3F619877041005CFF5E /* Release */ = {
			isa = XCBuildConfiguration;
			buildSettings = {
				ASSETCATALOG_COMPILER_APPICON_NAME = AppIcon;
				ASSETCATALOG_COMPILER_LAUNCHIMAGE_NAME = LaunchImage;
				INFOPLIST_FILE = lessionTwo/Info.plist;
				LD_RUNPATH_SEARCH_PATHS = "$(inherited) @executable_path/Frameworks";
				PRODUCT_NAME = "$(TARGET_NAME)";
			};
			name = Release;
		};
		8F80C3F819877041005CFF5E /* Debug */ = {
			isa = XCBuildConfiguration;
			buildSettings = {
				BUNDLE_LOADER = "$(BUILT_PRODUCTS_DIR)/lessionTwo.app/lessionTwo";
				FRAMEWORK_SEARCH_PATHS = (
					"$(SDKROOT)/Developer/Library/Frameworks",
					"$(inherited)",
				);
				GCC_PREPROCESSOR_DEFINITIONS = (
					"DEBUG=1",
					"$(inherited)",
				);
				INFOPLIST_FILE = lessionTwoTests/Info.plist;
				LD_RUNPATH_SEARCH_PATHS = "$(inherited) @executable_path/Frameworks @loader_path/Frameworks";
				PRODUCT_NAME = "$(TARGET_NAME)";
				TEST_HOST = "$(BUNDLE_LOADER)";
			};
			name = Debug;
		};
		8F80C3F919877041005CFF5E /* Release */ = {
			isa = XCBuildConfiguration;
			buildSettings = {
				BUNDLE_LOADER = "$(BUILT_PRODUCTS_DIR)/lessionTwo.app/lessionTwo";
				FRAMEWORK_SEARCH_PATHS = (
					"$(SDKROOT)/Developer/Library/Frameworks",
					"$(inherited)",
				);
				INFOPLIST_FILE = lessionTwoTests/Info.plist;
				LD_RUNPATH_SEARCH_PATHS = "$(inherited) @executable_path/Frameworks @loader_path/Frameworks";
				PRODUCT_NAME = "$(TARGET_NAME)";
				TEST_HOST = "$(BUNDLE_LOADER)";
			};
			name = Release;
		};
/* End XCBuildConfiguration section */

/* Begin XCConfigurationList section */
		8F80C3D319877040005CFF5E /* Build configuration list for PBXProject "lessionTwo" */ = {
			isa = XCConfigurationList;
			buildConfigurations = (
				8F80C3F219877041005CFF5E /* Debug */,
				8F80C3F319877041005CFF5E /* Release */,
			);
			defaultConfigurationIsVisible = 0;
			defaultConfigurationName = Release;
		};
		8F80C3F419877041005CFF5E /* Build configuration list for PBXNativeTarget "lessionTwo" */ = {
			isa = XCConfigurationList;
			buildConfigurations = (
				8F80C3F519877041005CFF5E /* Debug */,
				8F80C3F619877041005CFF5E /* Release */,
			);
			defaultConfigurationIsVisible = 0;
		};
		8F80C3F719877041005CFF5E /* Build configuration list for PBXNativeTarget "lessionTwoTests" */ = {
			isa = XCConfigurationList;
			buildConfigurations = (
				8F80C3F819877041005CFF5E /* Debug */,
				8F80C3F919877041005CFF5E /* Release */,
			);
			defaultConfigurationIsVisible = 0;
		};
/* End XCConfigurationList section */
	};
	rootObject = 8F80C3D019877040005CFF5E /* Project object */;
}
