// !$*UTF8*$!
{
	archiveVersion = 1;
	classes = {
	};
	objectVersion = 46;
	objects = {

/* Begin PBXBuildFile section */
		8F05E960199FDA67001621C1 /* ummwut-01.png in Resources */ = {isa = PBXBuildFile; fileRef = 8F05E94C199FDA67001621C1 /* ummwut-01.png */; };
		8F05E961199FDA67001621C1 /* ummwut-02.png in Resources */ = {isa = PBXBuildFile; fileRef = 8F05E94D199FDA67001621C1 /* ummwut-02.png */; };
		8F05E962199FDA67001621C1 /* ummwut-03.png in Resources */ = {isa = PBXBuildFile; fileRef = 8F05E94E199FDA67001621C1 /* ummwut-03.png */; };
		8F05E963199FDA67001621C1 /* ummwut-04.png in Resources */ = {isa = PBXBuildFile; fileRef = 8F05E94F199FDA67001621C1 /* ummwut-04.png */; };
		8F05E964199FDA67001621C1 /* ummwut-05.png in Resources */ = {isa = PBXBuildFile; fileRef = 8F05E950199FDA67001621C1 /* ummwut-05.png */; };
		8F05E965199FDA67001621C1 /* ummwut-06.png in Resources */ = {isa = PBXBuildFile; fileRef = 8F05E951199FDA67001621C1 /* ummwut-06.png */; };
		8F05E966199FDA67001621C1 /* ummwut-07.png in Resources */ = {isa = PBXBuildFile; fileRef = 8F05E952199FDA67001621C1 /* ummwut-07.png */; };
		8F05E967199FDA67001621C1 /* ummwut-08.png in Resources */ = {isa = PBXBuildFile; fileRef = 8F05E953199FDA67001621C1 /* ummwut-08.png */; };
		8F05E968199FDA67001621C1 /* ummwut-09.png in Resources */ = {isa = PBXBuildFile; fileRef = 8F05E954199FDA67001621C1 /* ummwut-09.png */; };
		8F05E969199FDA67001621C1 /* ummwut-10.png in Resources */ = {isa = PBXBuildFile; fileRef = 8F05E955199FDA67001621C1 /* ummwut-10.png */; };
		8F05E96A199FDA67001621C1 /* ummwut-11.png in Resources */ = {isa = PBXBuildFile; fileRef = 8F05E956199FDA67001621C1 /* ummwut-11.png */; };
		8F05E96B199FDA67001621C1 /* ummwut-12.png in Resources */ = {isa = PBXBuildFile; fileRef = 8F05E957199FDA67001621C1 /* ummwut-12.png */; };
		8F05E96C199FDA67001621C1 /* ummwut-13.png in Resources */ = {isa = PBXBuildFile; fileRef = 8F05E958199FDA67001621C1 /* ummwut-13.png */; };
		8F05E96D199FDA67001621C1 /* ummwut-14.png in Resources */ = {isa = PBXBuildFile; fileRef = 8F05E959199FDA67001621C1 /* ummwut-14.png */; };
		8F05E96E199FDA67001621C1 /* ummwut-15.png in Resources */ = {isa = PBXBuildFile; fileRef = 8F05E95A199FDA67001621C1 /* ummwut-15.png */; };
		8F05E96F199FDA67001621C1 /* ummwut-16.png in Resources */ = {isa = PBXBuildFile; fileRef = 8F05E95B199FDA67001621C1 /* ummwut-16.png */; };
		8F05E970199FDA67001621C1 /* ummwut-17.png in Resources */ = {isa = PBXBuildFile; fileRef = 8F05E95C199FDA67001621C1 /* ummwut-17.png */; };
		8F05E971199FDA67001621C1 /* ummwut-18.png in Resources */ = {isa = PBXBuildFile; fileRef = 8F05E95D199FDA67001621C1 /* ummwut-18.png */; };
		8F05E972199FDA67001621C1 /* ummwut-19.png in Resources */ = {isa = PBXBuildFile; fileRef = 8F05E95E199FDA67001621C1 /* ummwut-19.png */; };
		8F05E973199FDA67001621C1 /* ummwut-20.png in Resources */ = {isa = PBXBuildFile; fileRef = 8F05E95F199FDA67001621C1 /* ummwut-20.png */; };
		8F05E975199FDCFB001621C1 /* CustomTableCellView.swift in Sources */ = {isa = PBXBuildFile; fileRef = 8F05E974199FDCFB001621C1 /* CustomTableCellView.swift */; };
		8F05E979199FE4B5001621C1 /* checked_checkbox-26.png in Resources */ = {isa = PBXBuildFile; fileRef = 8F05E978199FE4B5001621C1 /* checked_checkbox-26.png */; };
		8F05E97B199FE4D6001621C1 /* unchecked_checkbox-48.png in Resources */ = {isa = PBXBuildFile; fileRef = 8F05E97A199FE4D6001621C1 /* unchecked_checkbox-48.png */; };
		8F05E97D19A03530001621C1 /* checked_checkbox-48.png in Resources */ = {isa = PBXBuildFile; fileRef = 8F05E97C19A03530001621C1 /* checked_checkbox-48.png */; };
		8F2BE34119949291000BE59F /* AppDelegate.swift in Sources */ = {isa = PBXBuildFile; fileRef = 8F2BE34019949291000BE59F /* AppDelegate.swift */; };
		8F2BE34319949291000BE59F /* ViewController.swift in Sources */ = {isa = PBXBuildFile; fileRef = 8F2BE34219949291000BE59F /* ViewController.swift */; };
		8F2BE34619949291000BE59F /* Main.storyboard in Resources */ = {isa = PBXBuildFile; fileRef = 8F2BE34419949291000BE59F /* Main.storyboard */; };
		8F2BE34819949291000BE59F /* Images.xcassets in Resources */ = {isa = PBXBuildFile; fileRef = 8F2BE34719949291000BE59F /* Images.xcassets */; };
		8F2BE35419949291000BE59F /* LoginAppTests.swift in Sources */ = {isa = PBXBuildFile; fileRef = 8F2BE35319949291000BE59F /* LoginAppTests.swift */; };
		8F76691A199734A400A4BC0B /* Person.swift in Sources */ = {isa = PBXBuildFile; fileRef = 8F766919199734A400A4BC0B /* Person.swift */; };
		8F76691D199735A100A4BC0B /* Friends.swift in Sources */ = {isa = PBXBuildFile; fileRef = 8F76691C199735A100A4BC0B /* Friends.swift */; };
		8F76691F199736E600A4BC0B /* FriendsTableViewController.swift in Sources */ = {isa = PBXBuildFile; fileRef = 8F76691E199736E600A4BC0B /* FriendsTableViewController.swift */; };
		8FC059C219A1C4D100E97002 /* BottomView.swift in Sources */ = {isa = PBXBuildFile; fileRef = 8FC059C119A1C4D100E97002 /* BottomView.swift */; };
		8FCB2A5519A167B5004B3E92 /* FriendsViewController.swift in Sources */ = {isa = PBXBuildFile; fileRef = 8FCB2A5419A167B5004B3E92 /* FriendsViewController.swift */; };
		8FCB2A5719A1688E004B3E92 /* FriendsTableView.swift in Sources */ = {isa = PBXBuildFile; fileRef = 8FCB2A5619A1688E004B3E92 /* FriendsTableView.swift */; };
/* End PBXBuildFile section */

/* Begin PBXContainerItemProxy section */
		8F2BE34E19949291000BE59F /* PBXContainerItemProxy */ = {
			isa = PBXContainerItemProxy;
			containerPortal = 8F2BE33319949291000BE59F /* Project object */;
			proxyType = 1;
			remoteGlobalIDString = 8F2BE33A19949291000BE59F;
			remoteInfo = LoginApp;
		};
/* End PBXContainerItemProxy section */

/* Begin PBXFileReference section */
		8F05E94C199FDA67001621C1 /* ummwut-01.png */ = {isa = PBXFileReference; lastKnownFileType = image.png; path = "ummwut-01.png"; sourceTree = "<group>"; };
		8F05E94D199FDA67001621C1 /* ummwut-02.png */ = {isa = PBXFileReference; lastKnownFileType = image.png; path = "ummwut-02.png"; sourceTree = "<group>"; };
		8F05E94E199FDA67001621C1 /* ummwut-03.png */ = {isa = PBXFileReference; lastKnownFileType = image.png; path = "ummwut-03.png"; sourceTree = "<group>"; };
		8F05E94F199FDA67001621C1 /* ummwut-04.png */ = {isa = PBXFileReference; lastKnownFileType = image.png; path = "ummwut-04.png"; sourceTree = "<group>"; };
		8F05E950199FDA67001621C1 /* ummwut-05.png */ = {isa = PBXFileReference; lastKnownFileType = image.png; path = "ummwut-05.png"; sourceTree = "<group>"; };
		8F05E951199FDA67001621C1 /* ummwut-06.png */ = {isa = PBXFileReference; lastKnownFileType = image.png; path = "ummwut-06.png"; sourceTree = "<group>"; };
		8F05E952199FDA67001621C1 /* ummwut-07.png */ = {isa = PBXFileReference; lastKnownFileType = image.png; path = "ummwut-07.png"; sourceTree = "<group>"; };
		8F05E953199FDA67001621C1 /* ummwut-08.png */ = {isa = PBXFileReference; lastKnownFileType = image.png; path = "ummwut-08.png"; sourceTree = "<group>"; };
		8F05E954199FDA67001621C1 /* ummwut-09.png */ = {isa = PBXFileReference; lastKnownFileType = image.png; path = "ummwut-09.png"; sourceTree = "<group>"; };
		8F05E955199FDA67001621C1 /* ummwut-10.png */ = {isa = PBXFileReference; lastKnownFileType = image.png; path = "ummwut-10.png"; sourceTree = "<group>"; };
		8F05E956199FDA67001621C1 /* ummwut-11.png */ = {isa = PBXFileReference; lastKnownFileType = image.png; path = "ummwut-11.png"; sourceTree = "<group>"; };
		8F05E957199FDA67001621C1 /* ummwut-12.png */ = {isa = PBXFileReference; lastKnownFileType = image.png; path = "ummwut-12.png"; sourceTree = "<group>"; };
		8F05E958199FDA67001621C1 /* ummwut-13.png */ = {isa = PBXFileReference; lastKnownFileType = image.png; path = "ummwut-13.png"; sourceTree = "<group>"; };
		8F05E959199FDA67001621C1 /* ummwut-14.png */ = {isa = PBXFileReference; lastKnownFileType = image.png; path = "ummwut-14.png"; sourceTree = "<group>"; };
		8F05E95A199FDA67001621C1 /* ummwut-15.png */ = {isa = PBXFileReference; lastKnownFileType = image.png; path = "ummwut-15.png"; sourceTree = "<group>"; };
		8F05E95B199FDA67001621C1 /* ummwut-16.png */ = {isa = PBXFileReference; lastKnownFileType = image.png; path = "ummwut-16.png"; sourceTree = "<group>"; };
		8F05E95C199FDA67001621C1 /* ummwut-17.png */ = {isa = PBXFileReference; lastKnownFileType = image.png; path = "ummwut-17.png"; sourceTree = "<group>"; };
		8F05E95D199FDA67001621C1 /* ummwut-18.png */ = {isa = PBXFileReference; lastKnownFileType = image.png; path = "ummwut-18.png"; sourceTree = "<group>"; };
		8F05E95E199FDA67001621C1 /* ummwut-19.png */ = {isa = PBXFileReference; lastKnownFileType = image.png; path = "ummwut-19.png"; sourceTree = "<group>"; };
		8F05E95F199FDA67001621C1 /* ummwut-20.png */ = {isa = PBXFileReference; lastKnownFileType = image.png; path = "ummwut-20.png"; sourceTree = "<group>"; };
		8F05E974199FDCFB001621C1 /* CustomTableCellView.swift */ = {isa = PBXFileReference; fileEncoding = 4; lastKnownFileType = sourcecode.swift; path = CustomTableCellView.swift; sourceTree = "<group>"; };
		8F05E978199FE4B5001621C1 /* checked_checkbox-26.png */ = {isa = PBXFileReference; lastKnownFileType = image.png; path = "checked_checkbox-26.png"; sourceTree = "<group>"; };
		8F05E97A199FE4D6001621C1 /* unchecked_checkbox-48.png */ = {isa = PBXFileReference; lastKnownFileType = image.png; path = "unchecked_checkbox-48.png"; sourceTree = "<group>"; };
		8F05E97C19A03530001621C1 /* checked_checkbox-48.png */ = {isa = PBXFileReference; lastKnownFileType = image.png; path = "checked_checkbox-48.png"; sourceTree = "<group>"; };
		8F2BE33B19949291000BE59F /* LoginApp.app */ = {isa = PBXFileReference; explicitFileType = wrapper.application; includeInIndex = 0; path = LoginApp.app; sourceTree = BUILT_PRODUCTS_DIR; };
		8F2BE33F19949291000BE59F /* Info.plist */ = {isa = PBXFileReference; lastKnownFileType = text.plist.xml; path = Info.plist; sourceTree = "<group>"; };
		8F2BE34019949291000BE59F /* AppDelegate.swift */ = {isa = PBXFileReference; lastKnownFileType = sourcecode.swift; path = AppDelegate.swift; sourceTree = "<group>"; };
		8F2BE34219949291000BE59F /* ViewController.swift */ = {isa = PBXFileReference; lastKnownFileType = sourcecode.swift; path = ViewController.swift; sourceTree = "<group>"; };
		8F2BE34519949291000BE59F /* Base */ = {isa = PBXFileReference; lastKnownFileType = file.storyboard; name = Base; path = Base.lproj/Main.storyboard; sourceTree = "<group>"; };
		8F2BE34719949291000BE59F /* Images.xcassets */ = {isa = PBXFileReference; lastKnownFileType = folder.assetcatalog; path = Images.xcassets; sourceTree = "<group>"; };
		8F2BE34D19949291000BE59F /* LoginAppTests.xctest */ = {isa = PBXFileReference; explicitFileType = wrapper.cfbundle; includeInIndex = 0; path = LoginAppTests.xctest; sourceTree = BUILT_PRODUCTS_DIR; };
		8F2BE35219949291000BE59F /* Info.plist */ = {isa = PBXFileReference; lastKnownFileType = text.plist.xml; path = Info.plist; sourceTree = "<group>"; };
		8F2BE35319949291000BE59F /* LoginAppTests.swift */ = {isa = PBXFileReference; lastKnownFileType = sourcecode.swift; path = LoginAppTests.swift; sourceTree = "<group>"; };
		8F766919199734A400A4BC0B /* Person.swift */ = {isa = PBXFileReference; fileEncoding = 4; lastKnownFileType = sourcecode.swift; path = Person.swift; sourceTree = "<group>"; };
		8F76691B199734ED00A4BC0B /* MyPlayground.playground */ = {isa = PBXFileReference; lastKnownFileType = file.playground; path = MyPlayground.playground; sourceTree = "<group>"; };
		8F76691C199735A100A4BC0B /* Friends.swift */ = {isa = PBXFileReference; fileEncoding = 4; lastKnownFileType = sourcecode.swift; path = Friends.swift; sourceTree = "<group>"; };
		8F76691E199736E600A4BC0B /* FriendsTableViewController.swift */ = {isa = PBXFileReference; fileEncoding = 4; lastKnownFileType = sourcecode.swift; path = FriendsTableViewController.swift; sourceTree = "<group>"; };
		8FC059C119A1C4D100E97002 /* BottomView.swift */ = {isa = PBXFileReference; fileEncoding = 4; lastKnownFileType = sourcecode.swift; path = BottomView.swift; sourceTree = "<group>"; };
		8FCB2A5419A167B5004B3E92 /* FriendsViewController.swift */ = {isa = PBXFileReference; fileEncoding = 4; lastKnownFileType = sourcecode.swift; path = FriendsViewController.swift; sourceTree = "<group>"; };
		8FCB2A5619A1688E004B3E92 /* FriendsTableView.swift */ = {isa = PBXFileReference; fileEncoding = 4; lastKnownFileType = sourcecode.swift; path = FriendsTableView.swift; sourceTree = "<group>"; };
/* End PBXFileReference section */

/* Begin PBXFrameworksBuildPhase section */
		8F2BE33819949291000BE59F /* Frameworks */ = {
			isa = PBXFrameworksBuildPhase;
			buildActionMask = 2147483647;
			files = (
			);
			runOnlyForDeploymentPostprocessing = 0;
		};
		8F2BE34A19949291000BE59F /* Frameworks */ = {
			isa = PBXFrameworksBuildPhase;
			buildActionMask = 2147483647;
			files = (
			);
			runOnlyForDeploymentPostprocessing = 0;
		};
/* End PBXFrameworksBuildPhase section */

/* Begin PBXGroup section */
		8F05E94A199FC9E4001621C1 /* New Group */ = {
			isa = PBXGroup;
			children = (
			);
			name = "New Group";
			sourceTree = "<group>";
		};
		8F05E94B199FDA67001621C1 /* rewireframes */ = {
			isa = PBXGroup;
			children = (
				8F05E94C199FDA67001621C1 /* ummwut-01.png */,
				8F05E94D199FDA67001621C1 /* ummwut-02.png */,
				8F05E94E199FDA67001621C1 /* ummwut-03.png */,
				8F05E94F199FDA67001621C1 /* ummwut-04.png */,
				8F05E950199FDA67001621C1 /* ummwut-05.png */,
				8F05E951199FDA67001621C1 /* ummwut-06.png */,
				8F05E952199FDA67001621C1 /* ummwut-07.png */,
				8F05E953199FDA67001621C1 /* ummwut-08.png */,
				8F05E954199FDA67001621C1 /* ummwut-09.png */,
				8F05E955199FDA67001621C1 /* ummwut-10.png */,
				8F05E956199FDA67001621C1 /* ummwut-11.png */,
				8F05E957199FDA67001621C1 /* ummwut-12.png */,
				8F05E958199FDA67001621C1 /* ummwut-13.png */,
				8F05E959199FDA67001621C1 /* ummwut-14.png */,
				8F05E95A199FDA67001621C1 /* ummwut-15.png */,
				8F05E95B199FDA67001621C1 /* ummwut-16.png */,
				8F05E95C199FDA67001621C1 /* ummwut-17.png */,
				8F05E95D199FDA67001621C1 /* ummwut-18.png */,
				8F05E95E199FDA67001621C1 /* ummwut-19.png */,
				8F05E95F199FDA67001621C1 /* ummwut-20.png */,
			);
			name = rewireframes;
			path = LoginApp/rewireframes;
			sourceTree = "<group>";
		};
		8F2BE33219949291000BE59F = {
			isa = PBXGroup;
			children = (
				8F2BE33D19949291000BE59F /* LoginApp */,
				8F2BE35019949291000BE59F /* LoginAppTests */,
				8F2BE33C19949291000BE59F /* Products */,
				8F05E94B199FDA67001621C1 /* rewireframes */,
			);
			sourceTree = "<group>";
		};
		8F2BE33C19949291000BE59F /* Products */ = {
			isa = PBXGroup;
			children = (
				8F2BE33B19949291000BE59F /* LoginApp.app */,
				8F2BE34D19949291000BE59F /* LoginAppTests.xctest */,
			);
			name = Products;
			sourceTree = "<group>";
		};
		8F2BE33D19949291000BE59F /* LoginApp */ = {
			isa = PBXGroup;
			children = (
				8F05E97A199FE4D6001621C1 /* unchecked_checkbox-48.png */,
				8F2BE34019949291000BE59F /* AppDelegate.swift */,
				8F05E97C19A03530001621C1 /* checked_checkbox-48.png */,
				8F05E978199FE4B5001621C1 /* checked_checkbox-26.png */,
				8F2BE34219949291000BE59F /* ViewController.swift */,
				8F76691E199736E600A4BC0B /* FriendsTableViewController.swift */,
				8F2BE34419949291000BE59F /* Main.storyboard */,
				8FCB2A5619A1688E004B3E92 /* FriendsTableView.swift */,
				8F05E974199FDCFB001621C1 /* CustomTableCellView.swift */,
				8F766919199734A400A4BC0B /* Person.swift */,
				8F76691B199734ED00A4BC0B /* MyPlayground.playground */,
				8F05E94A199FC9E4001621C1 /* New Group */,
				8F2BE34719949291000BE59F /* Images.xcassets */,
				8F2BE33E19949291000BE59F /* Supporting Files */,
				8F76691C199735A100A4BC0B /* Friends.swift */,
				8FCB2A5419A167B5004B3E92 /* FriendsViewController.swift */,
				8FC059C119A1C4D100E97002 /* BottomView.swift */,
			);
			path = LoginApp;
			sourceTree = "<group>";
		};
		8F2BE33E19949291000BE59F /* Supporting Files */ = {
			isa = PBXGroup;
			children = (
				8F2BE33F19949291000BE59F /* Info.plist */,
			);
			name = "Supporting Files";
			sourceTree = "<group>";
		};
		8F2BE35019949291000BE59F /* LoginAppTests */ = {
			isa = PBXGroup;
			children = (
				8F2BE35319949291000BE59F /* LoginAppTests.swift */,
				8F2BE35119949291000BE59F /* Supporting Files */,
			);
			path = LoginAppTests;
			sourceTree = "<group>";
		};
		8F2BE35119949291000BE59F /* Supporting Files */ = {
			isa = PBXGroup;
			children = (
				8F2BE35219949291000BE59F /* Info.plist */,
			);
			name = "Supporting Files";
			sourceTree = "<group>";
		};
/* End PBXGroup section */

/* Begin PBXNativeTarget section */
		8F2BE33A19949291000BE59F /* LoginApp */ = {
			isa = PBXNativeTarget;
			buildConfigurationList = 8F2BE35719949291000BE59F /* Build configuration list for PBXNativeTarget "LoginApp" */;
			buildPhases = (
				8F2BE33719949291000BE59F /* Sources */,
				8F2BE33819949291000BE59F /* Frameworks */,
				8F2BE33919949291000BE59F /* Resources */,
			);
			buildRules = (
			);
			dependencies = (
			);
			name = LoginApp;
			productName = LoginApp;
			productReference = 8F2BE33B19949291000BE59F /* LoginApp.app */;
			productType = "com.apple.product-type.application";
		};
		8F2BE34C19949291000BE59F /* LoginAppTests */ = {
			isa = PBXNativeTarget;
			buildConfigurationList = 8F2BE35A19949291000BE59F /* Build configuration list for PBXNativeTarget "LoginAppTests" */;
			buildPhases = (
				8F2BE34919949291000BE59F /* Sources */,
				8F2BE34A19949291000BE59F /* Frameworks */,
				8F2BE34B19949291000BE59F /* Resources */,
			);
			buildRules = (
			);
			dependencies = (
				8F2BE34F19949291000BE59F /* PBXTargetDependency */,
			);
			name = LoginAppTests;
			productName = LoginAppTests;
			productReference = 8F2BE34D19949291000BE59F /* LoginAppTests.xctest */;
			productType = "com.apple.product-type.bundle.unit-test";
		};
/* End PBXNativeTarget section */

/* Begin PBXProject section */
		8F2BE33319949291000BE59F /* Project object */ = {
			isa = PBXProject;
			attributes = {
				LastUpgradeCheck = 0600;
				ORGANIZATIONNAME = "Eric Zou";
				TargetAttributes = {
					8F2BE33A19949291000BE59F = {
						CreatedOnToolsVersion = 6.0;
					};
					8F2BE34C19949291000BE59F = {
						CreatedOnToolsVersion = 6.0;
						TestTargetID = 8F2BE33A19949291000BE59F;
					};
				};
			};
			buildConfigurationList = 8F2BE33619949291000BE59F /* Build configuration list for PBXProject "LoginApp" */;
			compatibilityVersion = "Xcode 3.2";
			developmentRegion = English;
			hasScannedForEncodings = 0;
			knownRegions = (
				en,
				Base,
			);
			mainGroup = 8F2BE33219949291000BE59F;
			productRefGroup = 8F2BE33C19949291000BE59F /* Products */;
			projectDirPath = "";
			projectRoot = "";
			targets = (
				8F2BE33A19949291000BE59F /* LoginApp */,
				8F2BE34C19949291000BE59F /* LoginAppTests */,
			);
		};
/* End PBXProject section */

/* Begin PBXResourcesBuildPhase section */
		8F2BE33919949291000BE59F /* Resources */ = {
			isa = PBXResourcesBuildPhase;
			buildActionMask = 2147483647;
			files = (
				8F2BE34619949291000BE59F /* Main.storyboard in Resources */,
				8F05E96D199FDA67001621C1 /* ummwut-14.png in Resources */,
				8F05E97B199FE4D6001621C1 /* unchecked_checkbox-48.png in Resources */,
				8F2BE34819949291000BE59F /* Images.xcassets in Resources */,
				8F05E97D19A03530001621C1 /* checked_checkbox-48.png in Resources */,
				8F05E965199FDA67001621C1 /* ummwut-06.png in Resources */,
				8F05E979199FE4B5001621C1 /* checked_checkbox-26.png in Resources */,
				8F05E96E199FDA67001621C1 /* ummwut-15.png in Resources */,
				8F05E963199FDA67001621C1 /* ummwut-04.png in Resources */,
				8F05E967199FDA67001621C1 /* ummwut-08.png in Resources */,
				8F05E969199FDA67001621C1 /* ummwut-10.png in Resources */,
				8F05E968199FDA67001621C1 /* ummwut-09.png in Resources */,
				8F05E971199FDA67001621C1 /* ummwut-18.png in Resources */,
				8F05E964199FDA67001621C1 /* ummwut-05.png in Resources */,
				8F05E972199FDA67001621C1 /* ummwut-19.png in Resources */,
				8F05E96A199FDA67001621C1 /* ummwut-11.png in Resources */,
				8F05E96F199FDA67001621C1 /* ummwut-16.png in Resources */,
				8F05E970199FDA67001621C1 /* ummwut-17.png in Resources */,
				8F05E966199FDA67001621C1 /* ummwut-07.png in Resources */,
				8F05E961199FDA67001621C1 /* ummwut-02.png in Resources */,
				8F05E96B199FDA67001621C1 /* ummwut-12.png in Resources */,
				8F05E960199FDA67001621C1 /* ummwut-01.png in Resources */,
				8F05E962199FDA67001621C1 /* ummwut-03.png in Resources */,
				8F05E973199FDA67001621C1 /* ummwut-20.png in Resources */,
				8F05E96C199FDA67001621C1 /* ummwut-13.png in Resources */,
			);
			runOnlyForDeploymentPostprocessing = 0;
		};
		8F2BE34B19949291000BE59F /* Resources */ = {
			isa = PBXResourcesBuildPhase;
			buildActionMask = 2147483647;
			files = (
			);
			runOnlyForDeploymentPostprocessing = 0;
		};
/* End PBXResourcesBuildPhase section */

/* Begin PBXSourcesBuildPhase section */
		8F2BE33719949291000BE59F /* Sources */ = {
			isa = PBXSourcesBuildPhase;
			buildActionMask = 2147483647;
			files = (
				8FC059C219A1C4D100E97002 /* BottomView.swift in Sources */,
				8F76691D199735A100A4BC0B /* Friends.swift in Sources */,
				8F76691A199734A400A4BC0B /* Person.swift in Sources */,
				8F2BE34319949291000BE59F /* ViewController.swift in Sources */,
				8F2BE34119949291000BE59F /* AppDelegate.swift in Sources */,
				8FCB2A5519A167B5004B3E92 /* FriendsViewController.swift in Sources */,
				8F76691F199736E600A4BC0B /* FriendsTableViewController.swift in Sources */,
				8F05E975199FDCFB001621C1 /* CustomTableCellView.swift in Sources */,
				8FCB2A5719A1688E004B3E92 /* FriendsTableView.swift in Sources */,
			);
			runOnlyForDeploymentPostprocessing = 0;
		};
		8F2BE34919949291000BE59F /* Sources */ = {
			isa = PBXSourcesBuildPhase;
			buildActionMask = 2147483647;
			files = (
				8F2BE35419949291000BE59F /* LoginAppTests.swift in Sources */,
			);
			runOnlyForDeploymentPostprocessing = 0;
		};
/* End PBXSourcesBuildPhase section */

/* Begin PBXTargetDependency section */
		8F2BE34F19949291000BE59F /* PBXTargetDependency */ = {
			isa = PBXTargetDependency;
			target = 8F2BE33A19949291000BE59F /* LoginApp */;
			targetProxy = 8F2BE34E19949291000BE59F /* PBXContainerItemProxy */;
		};
/* End PBXTargetDependency section */

/* Begin PBXVariantGroup section */
		8F2BE34419949291000BE59F /* Main.storyboard */ = {
			isa = PBXVariantGroup;
			children = (
				8F2BE34519949291000BE59F /* Base */,
			);
			name = Main.storyboard;
			sourceTree = "<group>";
		};
/* End PBXVariantGroup section */

/* Begin XCBuildConfiguration section */
		8F2BE35519949291000BE59F /* Debug */ = {
			isa = XCBuildConfiguration;
			buildSettings = {
				ALWAYS_SEARCH_USER_PATHS = NO;
				CLANG_CXX_LANGUAGE_STANDARD = "gnu++0x";
				CLANG_CXX_LIBRARY = "libc++";
				CLANG_ENABLE_MODULES = YES;
				CLANG_ENABLE_OBJC_ARC = YES;
				CLANG_WARN_BOOL_CONVERSION = YES;
				CLANG_WARN_CONSTANT_CONVERSION = YES;
				CLANG_WARN_DIRECT_OBJC_ISA_USAGE = YES_ERROR;
				CLANG_WARN_EMPTY_BODY = YES;
				CLANG_WARN_ENUM_CONVERSION = YES;
				CLANG_WARN_INT_CONVERSION = YES;
				CLANG_WARN_OBJC_ROOT_CLASS = YES_ERROR;
				CLANG_WARN_UNREACHABLE_CODE = YES;
				CLANG_WARN__DUPLICATE_METHOD_MATCH = YES;
				"CODE_SIGN_IDENTITY[sdk=iphoneos*]" = "iPhone Developer";
				COPY_PHASE_STRIP = NO;
				ENABLE_STRICT_OBJC_MSGSEND = YES;
				GCC_C_LANGUAGE_STANDARD = gnu99;
				GCC_DYNAMIC_NO_PIC = NO;
				GCC_OPTIMIZATION_LEVEL = 0;
				GCC_PREPROCESSOR_DEFINITIONS = (
					"DEBUG=1",
					"$(inherited)",
				);
				GCC_SYMBOLS_PRIVATE_EXTERN = NO;
				GCC_WARN_64_TO_32_BIT_CONVERSION = YES;
				GCC_WARN_ABOUT_RETURN_TYPE = YES_ERROR;
				GCC_WARN_UNDECLARED_SELECTOR = YES;
				GCC_WARN_UNINITIALIZED_AUTOS = YES_AGGRESSIVE;
				GCC_WARN_UNUSED_FUNCTION = YES;
				GCC_WARN_UNUSED_VARIABLE = YES;
				IPHONEOS_DEPLOYMENT_TARGET = 8.0;
				MTL_ENABLE_DEBUG_INFO = YES;
				ONLY_ACTIVE_ARCH = YES;
				SDKROOT = iphoneos;
				SWIFT_OPTIMIZATION_LEVEL = "-Onone";
			};
			name = Debug;
		};
		8F2BE35619949291000BE59F /* Release */ = {
			isa = XCBuildConfiguration;
			buildSettings = {
				ALWAYS_SEARCH_USER_PATHS = NO;
				CLANG_CXX_LANGUAGE_STANDARD = "gnu++0x";
				CLANG_CXX_LIBRARY = "libc++";
				CLANG_ENABLE_MODULES = YES;
				CLANG_ENABLE_OBJC_ARC = YES;
				CLANG_WARN_BOOL_CONVERSION = YES;
				CLANG_WARN_CONSTANT_CONVERSION = YES;
				CLANG_WARN_DIRECT_OBJC_ISA_USAGE = YES_ERROR;
				CLANG_WARN_EMPTY_BODY = YES;
				CLANG_WARN_ENUM_CONVERSION = YES;
				CLANG_WARN_INT_CONVERSION = YES;
				CLANG_WARN_OBJC_ROOT_CLASS = YES_ERROR;
				CLANG_WARN_UNREACHABLE_CODE = YES;
				CLANG_WARN__DUPLICATE_METHOD_MATCH = YES;
				"CODE_SIGN_IDENTITY[sdk=iphoneos*]" = "iPhone Developer";
				COPY_PHASE_STRIP = YES;
				ENABLE_NS_ASSERTIONS = NO;
				ENABLE_STRICT_OBJC_MSGSEND = YES;
				GCC_C_LANGUAGE_STANDARD = gnu99;
				GCC_WARN_64_TO_32_BIT_CONVERSION = YES;
				GCC_WARN_ABOUT_RETURN_TYPE = YES_ERROR;
				GCC_WARN_UNDECLARED_SELECTOR = YES;
				GCC_WARN_UNINITIALIZED_AUTOS = YES_AGGRESSIVE;
				GCC_WARN_UNUSED_FUNCTION = YES;
				GCC_WARN_UNUSED_VARIABLE = YES;
				IPHONEOS_DEPLOYMENT_TARGET = 8.0;
				MTL_ENABLE_DEBUG_INFO = NO;
				SDKROOT = iphoneos;
				VALIDATE_PRODUCT = YES;
			};
			name = Release;
		};
		8F2BE35819949291000BE59F /* Debug */ = {
			isa = XCBuildConfiguration;
			buildSettings = {
				ASSETCATALOG_COMPILER_APPICON_NAME = AppIcon;
				ASSETCATALOG_COMPILER_LAUNCHIMAGE_NAME = LaunchImage;
				CODE_SIGN_IDENTITY = "iPhone Developer";
				INFOPLIST_FILE = LoginApp/Info.plist;
				IPHONEOS_DEPLOYMENT_TARGET = 7.1;
				LD_RUNPATH_SEARCH_PATHS = "$(inherited) @executable_path/Frameworks";
				PRODUCT_NAME = "$(TARGET_NAME)";
			};
			name = Debug;
		};
		8F2BE35919949291000BE59F /* Release */ = {
			isa = XCBuildConfiguration;
			buildSettings = {
				ASSETCATALOG_COMPILER_APPICON_NAME = AppIcon;
				ASSETCATALOG_COMPILER_LAUNCHIMAGE_NAME = LaunchImage;
				CODE_SIGN_IDENTITY = "iPhone Developer";
				INFOPLIST_FILE = LoginApp/Info.plist;
				IPHONEOS_DEPLOYMENT_TARGET = 7.1;
				LD_RUNPATH_SEARCH_PATHS = "$(inherited) @executable_path/Frameworks";
				PRODUCT_NAME = "$(TARGET_NAME)";
			};
			name = Release;
		};
		8F2BE35B19949291000BE59F /* Debug */ = {
			isa = XCBuildConfiguration;
			buildSettings = {
				BUNDLE_LOADER = "$(TEST_HOST)";
				FRAMEWORK_SEARCH_PATHS = (
					"$(SDKROOT)/Developer/Library/Frameworks",
					"$(inherited)",
				);
				GCC_PREPROCESSOR_DEFINITIONS = (
					"DEBUG=1",
					"$(inherited)",
				);
				INFOPLIST_FILE = LoginAppTests/Info.plist;
				LD_RUNPATH_SEARCH_PATHS = "$(inherited) @executable_path/Frameworks @loader_path/Frameworks";
				PRODUCT_NAME = "$(TARGET_NAME)";
				TEST_HOST = "$(BUILT_PRODUCTS_DIR)/LoginApp.app/LoginApp";
			};
			name = Debug;
		};
		8F2BE35C19949291000BE59F /* Release */ = {
			isa = XCBuildConfiguration;
			buildSettings = {
				BUNDLE_LOADER = "$(TEST_HOST)";
				FRAMEWORK_SEARCH_PATHS = (
					"$(SDKROOT)/Developer/Library/Frameworks",
					"$(inherited)",
				);
				INFOPLIST_FILE = LoginAppTests/Info.plist;
				LD_RUNPATH_SEARCH_PATHS = "$(inherited) @executable_path/Frameworks @loader_path/Frameworks";
				PRODUCT_NAME = "$(TARGET_NAME)";
				TEST_HOST = "$(BUILT_PRODUCTS_DIR)/LoginApp.app/LoginApp";
			};
			name = Release;
		};
/* End XCBuildConfiguration section */

/* Begin XCConfigurationList section */
		8F2BE33619949291000BE59F /* Build configuration list for PBXProject "LoginApp" */ = {
			isa = XCConfigurationList;
			buildConfigurations = (
				8F2BE35519949291000BE59F /* Debug */,
				8F2BE35619949291000BE59F /* Release */,
			);
			defaultConfigurationIsVisible = 0;
			defaultConfigurationName = Release;
		};
		8F2BE35719949291000BE59F /* Build configuration list for PBXNativeTarget "LoginApp" */ = {
			isa = XCConfigurationList;
			buildConfigurations = (
				8F2BE35819949291000BE59F /* Debug */,
				8F2BE35919949291000BE59F /* Release */,
			);
			defaultConfigurationIsVisible = 0;
			defaultConfigurationName = Release;
		};
		8F2BE35A19949291000BE59F /* Build configuration list for PBXNativeTarget "LoginAppTests" */ = {
			isa = XCConfigurationList;
			buildConfigurations = (
				8F2BE35B19949291000BE59F /* Debug */,
				8F2BE35C19949291000BE59F /* Release */,
			);
			defaultConfigurationIsVisible = 0;
			defaultConfigurationName = Release;
		};
/* End XCConfigurationList section */
	};
	rootObject = 8F2BE33319949291000BE59F /* Project object */;
}
